
Microsoft Visual Studio Solution File, Format Version 12.00
# Visual Studio 15
VisualStudioVersion = 15.0.27130.2020
MinimumVisualStudioVersion = 10.0.40219.1
Project("{E24C65DC-7377-472B-9ABA-BC803B73C61A}") = "Batch1DatabaseDemo", "Batch1DatabaseDemo\", "{E643ADBD-D6D9-4A24-9F2C-7D82480C4FF4}"
	ProjectSection(WebsiteProperties) = preProject
		TargetFrameworkMoniker = ".NETFramework,Version%3Dv4.6.1"
		Debug.AspNetCompiler.VirtualPath = "/localhost_53133"
		Debug.AspNetCompiler.PhysicalPath = "Batch1DatabaseDemo\"
		Debug.AspNetCompiler.TargetPath = "PrecompiledWeb\localhost_53133\"
		Debug.AspNetCompiler.Updateable = "true"
		Debug.AspNetCompiler.ForceOverwrite = "true"
		Debug.AspNetCompiler.FixedNames = "false"
		Debug.AspNetCompiler.Debug = "True"
		Release.AspNetCompiler.VirtualPath = "/localhost_53133"
		Release.AspNetCompiler.PhysicalPath = "Batch1DatabaseDemo\"
		Release.AspNetCompiler.TargetPath = "PrecompiledWeb\localhost_53133\"
		Release.AspNetCompiler.Updateable = "true"
		Release.AspNetCompiler.ForceOverwrite = "true"
		Release.AspNetCompiler.FixedNames = "false"
		Release.AspNetCompiler.Debug = "False"
		VWDPort = "53133"
		SlnRelativePath = "Batch1DatabaseDemo\"
		DefaultWebSiteLanguage = "Visual C#"
	EndProjectSection
EndProject
Global
	GlobalSection(SolutionConfigurationPlatforms) = preSolution
		Debug|Any CPU = Debug|Any CPU
	EndGlobalSection
	GlobalSection(ProjectConfigurationPlatforms) = postSolution
		{E643ADBD-D6D9-4A24-9F2C-7D82480C4FF4}.Debug|Any CPU.ActiveCfg = Debug|Any CPU
		{E643ADBD-D6D9-4A24-9F2C-7D82480C4FF4}.Debug|Any CPU.Build.0 = Debug|Any CPU
	EndGlobalSection
	GlobalSection(SolutionProperties) = preSolution
		HideSolutionNode = FALSE
	EndGlobalSection
	GlobalSection(ExtensibilityGlobals) = postSolution
		SolutionGuid = {89035B95-55C5-42F6-A5F5-4E2615126F73}
	EndGlobalSection
EndGlobal
